
Microsoft Visual Studio Solution File, Format Version 12.00
# Visual Studio 2013
VisualStudioVersion = 12.0.31101.0
MinimumVisualStudioVersion = 10.0.40219.1
Project("{2150E333-8FDC-42A3-9474-1A3956D46DE8}") = "XamarinAnimations.Win", "XamarinAnimations.Win", "{FCDDAF40-5452-4853-B585-E391E607BFA2}"
EndProject
Project("{D954291E-2A0B-460D-934E-DC6B0785DB48}") = "XamarinAnimations.Win.Shared", "XamarinAnimations.Win\XamarinAnimations.Win.Shared\XamarinAnimations.Win.Shared.shproj", "{C4B3242A-4573-4753-89E6-9F94BFF05E27}"
EndProject
Project("{FAE04EC0-301F-11D3-BF4B-00C04F79EFBC}") = "XamarinAnimations.Win.Windows", "XamarinAnimations.Win\XamarinAnimations.Win.Windows\XamarinAnimations.Win.Windows.csproj", "{9935A288-DE1A-4878-8265-5EA1927ACF38}"
EndProject
Project("{FAE04EC0-301F-11D3-BF4B-00C04F79EFBC}") = "XamarinAnimations.Win.WindowsPhone", "XamarinAnimations.Win\XamarinAnimations.Win.WindowsPhone\XamarinAnimations.Win.WindowsPhone.csproj", "{0E726080-0564-4287-BF3C-089E1499C094}"
EndProject
Project("{FAE04EC0-301F-11D3-BF4B-00C04F79EFBC}") = "XamarinAnimations.iOS", "XamarinAnimations.iOS\XamarinAnimations.iOS.csproj", "{489A4462-9A67-491F-8787-FBC1301E3026}"
EndProject
Project("{FAE04EC0-301F-11D3-BF4B-00C04F79EFBC}") = "XamarinAnimations.Android", "XamarinAnimations.Android\XamarinAnimations.Android.csproj", "{423765C4-7285-432A-9F20-A98B17A980F4}"
EndProject
Project("{FAE04EC0-301F-11D3-BF4B-00C04F79EFBC}") = "XamarinAnimations.Core", "XamarinAnimations.Core\XamarinAnimations.Core.csproj", "{C0E3E5E1-6DD9-45EB-B27B-53E082B6DC96}"
EndProject
Project("{FAE04EC0-301F-11D3-BF4B-00C04F79EFBC}") = "XamarinAnimations.Forms", "XamarinAnimations.Forms\XamarinAnimations.Forms\XamarinAnimations.Forms.csproj", "{3460A8D8-BADE-4BF3-9AA7-23A19EAA34FC}"
EndProject
Project("{FAE04EC0-301F-11D3-BF4B-00C04F79EFBC}") = "XamarinAnimations.Forms.iOS", "XamarinAnimations.Forms\XamarinAnimations.Forms.iOS\XamarinAnimations.Forms.iOS.csproj", "{3B0D9EE5-5783-4BDE-A7E9-ACABD208D21D}"
EndProject
Project("{FAE04EC0-301F-11D3-BF4B-00C04F79EFBC}") = "XamarinAnimations.Forms.Droid", "XamarinAnimations.Forms\XamarinAnimations.Forms.Droid\XamarinAnimations.Forms.Droid.csproj", "{B106D4B0-F76F-405B-AD11-C18A3ECF5746}"
EndProject
Project("{FAE04EC0-301F-11D3-BF4B-00C04F79EFBC}") = "XamarinAnimations.Forms.WinPhone", "XamarinAnimations.Forms\XamarinAnimations.Forms.WinPhone\XamarinAnimations.Forms.WinPhone.csproj", "{444EB23A-33DA-476C-8F17-2E05D36BBA2B}"
EndProject
Project("{2150E333-8FDC-42A3-9474-1A3956D46DE8}") = "Xamarin", "Xamarin", "{6F9ED554-02BA-4DC7-9DB2-19395215C9EA}"
EndProject
Project("{2150E333-8FDC-42A3-9474-1A3956D46DE8}") = "Xamarin.Forms", "Xamarin.Forms", "{E0401A70-3BC9-4680-83C7-AD70445F4521}"
EndProject
Global
	GlobalSection(SharedMSBuildProjectFiles) = preSolution
		XamarinAnimations.Win\XamarinAnimations.Win.Shared\XamarinAnimations.Win.Shared.projitems*{0e726080-0564-4287-bf3c-089e1499c094}*SharedItemsImports = 4
		XamarinAnimations.Win\XamarinAnimations.Win.Shared\XamarinAnimations.Win.Shared.projitems*{9935a288-de1a-4878-8265-5ea1927acf38}*SharedItemsImports = 4
		XamarinAnimations.Win\XamarinAnimations.Win.Shared\XamarinAnimations.Win.Shared.projitems*{c4b3242a-4573-4753-89e6-9f94bff05e27}*SharedItemsImports = 13
	EndGlobalSection
	GlobalSection(SolutionConfigurationPlatforms) = preSolution
		Ad-Hoc|Any CPU = Ad-Hoc|Any CPU
		Ad-Hoc|ARM = Ad-Hoc|ARM
		Ad-Hoc|iPhone = Ad-Hoc|iPhone
		Ad-Hoc|iPhoneSimulator = Ad-Hoc|iPhoneSimulator
		Ad-Hoc|Mixed Platforms = Ad-Hoc|Mixed Platforms
		Ad-Hoc|x64 = Ad-Hoc|x64
		Ad-Hoc|x86 = Ad-Hoc|x86
		AppStore|Any CPU = AppStore|Any CPU
		AppStore|ARM = AppStore|ARM
		AppStore|iPhone = AppStore|iPhone
		AppStore|iPhoneSimulator = AppStore|iPhoneSimulator
		AppStore|Mixed Platforms = AppStore|Mixed Platforms
		AppStore|x64 = AppStore|x64
		AppStore|x86 = AppStore|x86
		Debug|Any CPU = Debug|Any CPU
		Debug|ARM = Debug|ARM
		Debug|iPhone = Debug|iPhone
		Debug|iPhoneSimulator = Debug|iPhoneSimulator
		Debug|Mixed Platforms = Debug|Mixed Platforms
		Debug|x64 = Debug|x64
		Debug|x86 = Debug|x86
		Release|Any CPU = Release|Any CPU
		Release|ARM = Release|ARM
		Release|iPhone = Release|iPhone
		Release|iPhoneSimulator = Release|iPhoneSimulator
		Release|Mixed Platforms = Release|Mixed Platforms
		Release|x64 = Release|x64
		Release|x86 = Release|x86
	EndGlobalSection
	GlobalSection(ProjectConfigurationPlatforms) = postSolution
		{9935A288-DE1A-4878-8265-5EA1927ACF38}.Ad-Hoc|Any CPU.ActiveCfg = Release|Any CPU
		{9935A288-DE1A-4878-8265-5EA1927ACF38}.Ad-Hoc|Any CPU.Build.0 = Release|Any CPU
		{9935A288-DE1A-4878-8265-5EA1927ACF38}.Ad-Hoc|Any CPU.Deploy.0 = Release|Any CPU
		{9935A288-DE1A-4878-8265-5EA1927ACF38}.Ad-Hoc|ARM.ActiveCfg = Release|ARM
		{9935A288-DE1A-4878-8265-5EA1927ACF38}.Ad-Hoc|ARM.Build.0 = Release|ARM
		{9935A288-DE1A-4878-8265-5EA1927ACF38}.Ad-Hoc|ARM.Deploy.0 = Release|ARM
		{9935A288-DE1A-4878-8265-5EA1927ACF38}.Ad-Hoc|iPhone.ActiveCfg = Release|Any CPU
		{9935A288-DE1A-4878-8265-5EA1927ACF38}.Ad-Hoc|iPhoneSimulator.ActiveCfg = Release|Any CPU
		{9935A288-DE1A-4878-8265-5EA1927ACF38}.Ad-Hoc|Mixed Platforms.ActiveCfg = Release|x86
		{9935A288-DE1A-4878-8265-5EA1927ACF38}.Ad-Hoc|Mixed Platforms.Build.0 = Release|x86
		{9935A288-DE1A-4878-8265-5EA1927ACF38}.Ad-Hoc|Mixed Platforms.Deploy.0 = Release|x86
		{9935A288-DE1A-4878-8265-5EA1927ACF38}.Ad-Hoc|x64.ActiveCfg = Release|x64
		{9935A288-DE1A-4878-8265-5EA1927ACF38}.Ad-Hoc|x64.Build.0 = Release|x64
		{9935A288-DE1A-4878-8265-5EA1927ACF38}.Ad-Hoc|x64.Deploy.0 = Release|x64
		{9935A288-DE1A-4878-8265-5EA1927ACF38}.Ad-Hoc|x86.ActiveCfg = Release|x86
		{9935A288-DE1A-4878-8265-5EA1927ACF38}.Ad-Hoc|x86.Build.0 = Release|x86
		{9935A288-DE1A-4878-8265-5EA1927ACF38}.Ad-Hoc|x86.Deploy.0 = Release|x86
		{9935A288-DE1A-4878-8265-5EA1927ACF38}.AppStore|Any CPU.ActiveCfg = Release|Any CPU
		{9935A288-DE1A-4878-8265-5EA1927ACF38}.AppStore|Any CPU.Build.0 = Release|Any CPU
		{9935A288-DE1A-4878-8265-5EA1927ACF38}.AppStore|Any CPU.Deploy.0 = Release|Any CPU
		{9935A288-DE1A-4878-8265-5EA1927ACF38}.AppStore|ARM.ActiveCfg = Release|ARM
		{9935A288-DE1A-4878-8265-5EA1927ACF38}.AppStore|ARM.Build.0 = Release|ARM
		{9935A288-DE1A-4878-8265-5EA1927ACF38}.AppStore|ARM.Deploy.0 = Release|ARM
		{9935A288-DE1A-4878-8265-5EA1927ACF38}.AppStore|iPhone.ActiveCfg = Release|Any CPU
		{9935A288-DE1A-4878-8265-5EA1927ACF38}.AppStore|iPhoneSimulator.ActiveCfg = Release|Any CPU
		{9935A288-DE1A-4878-8265-5EA1927ACF38}.AppStore|Mixed Platforms.ActiveCfg = Release|x86
		{9935A288-DE1A-4878-8265-5EA1927ACF38}.AppStore|Mixed Platforms.Build.0 = Release|x86
		{9935A288-DE1A-4878-8265-5EA1927ACF38}.AppStore|Mixed Platforms.Deploy.0 = Release|x86
		{9935A288-DE1A-4878-8265-5EA1927ACF38}.AppStore|x64.ActiveCfg = Release|x64
		{9935A288-DE1A-4878-8265-5EA1927ACF38}.AppStore|x64.Build.0 = Release|x64
		{9935A288-DE1A-4878-8265-5EA1927ACF38}.AppStore|x64.Deploy.0 = Release|x64
		{9935A288-DE1A-4878-8265-5EA1927ACF38}.AppStore|x86.ActiveCfg = Release|x86
		{9935A288-DE1A-4878-8265-5EA1927ACF38}.AppStore|x86.Build.0 = Release|x86
		{9935A288-DE1A-4878-8265-5EA1927ACF38}.AppStore|x86.Deploy.0 = Release|x86
		{9935A288-DE1A-4878-8265-5EA1927ACF38}.Debug|Any CPU.ActiveCfg = Debug|Any CPU
		{9935A288-DE1A-4878-8265-5EA1927ACF38}.Debug|Any CPU.Build.0 = Debug|Any CPU
		{9935A288-DE1A-4878-8265-5EA1927ACF38}.Debug|Any CPU.Deploy.0 = Debug|Any CPU
		{9935A288-DE1A-4878-8265-5EA1927ACF38}.Debug|ARM.ActiveCfg = Debug|ARM
		{9935A288-DE1A-4878-8265-5EA1927ACF38}.Debug|ARM.Build.0 = Debug|ARM
		{9935A288-DE1A-4878-8265-5EA1927ACF38}.Debug|ARM.Deploy.0 = Debug|ARM
		{9935A288-DE1A-4878-8265-5EA1927ACF38}.Debug|iPhone.ActiveCfg = Debug|Any CPU
		{9935A288-DE1A-4878-8265-5EA1927ACF38}.Debug|iPhoneSimulator.ActiveCfg = Debug|Any CPU
		{9935A288-DE1A-4878-8265-5EA1927ACF38}.Debug|Mixed Platforms.ActiveCfg = Debug|x86
		{9935A288-DE1A-4878-8265-5EA1927ACF38}.Debug|Mixed Platforms.Build.0 = Debug|x86
		{9935A288-DE1A-4878-8265-5EA1927ACF38}.Debug|Mixed Platforms.Deploy.0 = Debug|x86
		{9935A288-DE1A-4878-8265-5EA1927ACF38}.Debug|x64.ActiveCfg = Debug|x64
		{9935A288-DE1A-4878-8265-5EA1927ACF38}.Debug|x64.Build.0 = Debug|x64
		{9935A288-DE1A-4878-8265-5EA1927ACF38}.Debug|x64.Deploy.0 = Debug|x64
		{9935A288-DE1A-4878-8265-5EA1927ACF38}.Debug|x86.ActiveCfg = Debug|x86
		{9935A288-DE1A-4878-8265-5EA1927ACF38}.Debug|x86.Build.0 = Debug|x86
		{9935A288-DE1A-4878-8265-5EA1927ACF38}.Debug|x86.Deploy.0 = Debug|x86
		{9935A288-DE1A-4878-8265-5EA1927ACF38}.Release|Any CPU.ActiveCfg = Release|Any CPU
		{9935A288-DE1A-4878-8265-5EA1927ACF38}.Release|Any CPU.Build.0 = Release|Any CPU
		{9935A288-DE1A-4878-8265-5EA1927ACF38}.Release|Any CPU.Deploy.0 = Release|Any CPU
		{9935A288-DE1A-4878-8265-5EA1927ACF38}.Release|ARM.ActiveCfg = Release|ARM
		{9935A288-DE1A-4878-8265-5EA1927ACF38}.Release|ARM.Build.0 = Release|ARM
		{9935A288-DE1A-4878-8265-5EA1927ACF38}.Release|ARM.Deploy.0 = Release|ARM
		{9935A288-DE1A-4878-8265-5EA1927ACF38}.Release|iPhone.ActiveCfg = Release|Any CPU
		{9935A288-DE1A-4878-8265-5EA1927ACF38}.Release|iPhoneSimulator.ActiveCfg = Release|Any CPU
		{9935A288-DE1A-4878-8265-5EA1927ACF38}.Release|Mixed Platforms.ActiveCfg = Release|x86
		{9935A288-DE1A-4878-8265-5EA1927ACF38}.Release|Mixed Platforms.Build.0 = Release|x86
		{9935A288-DE1A-4878-8265-5EA1927ACF38}.Release|Mixed Platforms.Deploy.0 = Release|x86
		{9935A288-DE1A-4878-8265-5EA1927ACF38}.Release|x64.ActiveCfg = Release|x64
		{9935A288-DE1A-4878-8265-5EA1927ACF38}.Release|x64.Build.0 = Release|x64
		{9935A288-DE1A-4878-8265-5EA1927ACF38}.Release|x64.Deploy.0 = Release|x64
		{9935A288-DE1A-4878-8265-5EA1927ACF38}.Release|x86.ActiveCfg = Release|x86
		{9935A288-DE1A-4878-8265-5EA1927ACF38}.Release|x86.Build.0 = Release|x86
		{9935A288-DE1A-4878-8265-5EA1927ACF38}.Release|x86.Deploy.0 = Release|x86
		{0E726080-0564-4287-BF3C-089E1499C094}.Ad-Hoc|Any CPU.ActiveCfg = Release|Any CPU
		{0E726080-0564-4287-BF3C-089E1499C094}.Ad-Hoc|Any CPU.Build.0 = Release|Any CPU
		{0E726080-0564-4287-BF3C-089E1499C094}.Ad-Hoc|Any CPU.Deploy.0 = Release|Any CPU
		{0E726080-0564-4287-BF3C-089E1499C094}.Ad-Hoc|ARM.ActiveCfg = Release|ARM
		{0E726080-0564-4287-BF3C-089E1499C094}.Ad-Hoc|ARM.Build.0 = Release|ARM
		{0E726080-0564-4287-BF3C-089E1499C094}.Ad-Hoc|ARM.Deploy.0 = Release|ARM
		{0E726080-0564-4287-BF3C-089E1499C094}.Ad-Hoc|iPhone.ActiveCfg = Release|Any CPU
		{0E726080-0564-4287-BF3C-089E1499C094}.Ad-Hoc|iPhoneSimulator.ActiveCfg = Release|Any CPU
		{0E726080-0564-4287-BF3C-089E1499C094}.Ad-Hoc|Mixed Platforms.ActiveCfg = Release|x86
		{0E726080-0564-4287-BF3C-089E1499C094}.Ad-Hoc|Mixed Platforms.Build.0 = Release|x86
		{0E726080-0564-4287-BF3C-089E1499C094}.Ad-Hoc|Mixed Platforms.Deploy.0 = Release|x86
		{0E726080-0564-4287-BF3C-089E1499C094}.Ad-Hoc|x64.ActiveCfg = Release|Any CPU
		{0E726080-0564-4287-BF3C-089E1499C094}.Ad-Hoc|x86.ActiveCfg = Release|x86
		{0E726080-0564-4287-BF3C-089E1499C094}.Ad-Hoc|x86.Build.0 = Release|x86
		{0E726080-0564-4287-BF3C-089E1499C094}.Ad-Hoc|x86.Deploy.0 = Release|x86
		{0E726080-0564-4287-BF3C-089E1499C094}.AppStore|Any CPU.ActiveCfg = Release|Any CPU
		{0E726080-0564-4287-BF3C-089E1499C094}.AppStore|Any CPU.Build.0 = Release|Any CPU
		{0E726080-0564-4287-BF3C-089E1499C094}.AppStore|Any CPU.Deploy.0 = Release|Any CPU
		{0E726080-0564-4287-BF3C-089E1499C094}.AppStore|ARM.ActiveCfg = Release|ARM
		{0E726080-0564-4287-BF3C-089E1499C094}.AppStore|ARM.Build.0 = Release|ARM
		{0E726080-0564-4287-BF3C-089E1499C094}.AppStore|ARM.Deploy.0 = Release|ARM
		{0E726080-0564-4287-BF3C-089E1499C094}.AppStore|iPhone.ActiveCfg = Release|Any CPU
		{0E726080-0564-4287-BF3C-089E1499C094}.AppStore|iPhoneSimulator.ActiveCfg = Release|Any CPU
		{0E726080-0564-4287-BF3C-089E1499C094}.AppStore|Mixed Platforms.ActiveCfg = Release|x86
		{0E726080-0564-4287-BF3C-089E1499C094}.AppStore|Mixed Platforms.Build.0 = Release|x86
		{0E726080-0564-4287-BF3C-089E1499C094}.AppStore|Mixed Platforms.Deploy.0 = Release|x86
		{0E726080-0564-4287-BF3C-089E1499C094}.AppStore|x64.ActiveCfg = Release|Any CPU
		{0E726080-0564-4287-BF3C-089E1499C094}.AppStore|x86.ActiveCfg = Release|x86
		{0E726080-0564-4287-BF3C-089E1499C094}.AppStore|x86.Build.0 = Release|x86
		{0E726080-0564-4287-BF3C-089E1499C094}.AppStore|x86.Deploy.0 = Release|x86
		{0E726080-0564-4287-BF3C-089E1499C094}.Debug|Any CPU.ActiveCfg = Debug|Any CPU
		{0E726080-0564-4287-BF3C-089E1499C094}.Debug|Any CPU.Build.0 = Debug|Any CPU
		{0E726080-0564-4287-BF3C-089E1499C094}.Debug|Any CPU.Deploy.0 = Debug|Any CPU
		{0E726080-0564-4287-BF3C-089E1499C094}.Debug|ARM.ActiveCfg = Debug|ARM
		{0E726080-0564-4287-BF3C-089E1499C094}.Debug|ARM.Build.0 = Debug|ARM
		{0E726080-0564-4287-BF3C-089E1499C094}.Debug|ARM.Deploy.0 = Debug|ARM
		{0E726080-0564-4287-BF3C-089E1499C094}.Debug|iPhone.ActiveCfg = Debug|Any CPU
		{0E726080-0564-4287-BF3C-089E1499C094}.Debug|iPhoneSimulator.ActiveCfg = Debug|Any CPU
		{0E726080-0564-4287-BF3C-089E1499C094}.Debug|Mixed Platforms.ActiveCfg = Debug|x86
		{0E726080-0564-4287-BF3C-089E1499C094}.Debug|Mixed Platforms.Build.0 = Debug|x86
		{0E726080-0564-4287-BF3C-089E1499C094}.Debug|Mixed Platforms.Deploy.0 = Debug|x86
		{0E726080-0564-4287-BF3C-089E1499C094}.Debug|x64.ActiveCfg = Debug|Any CPU
		{0E726080-0564-4287-BF3C-089E1499C094}.Debug|x86.ActiveCfg = Debug|x86
		{0E726080-0564-4287-BF3C-089E1499C094}.Debug|x86.Build.0 = Debug|x86
		{0E726080-0564-4287-BF3C-089E1499C094}.Debug|x86.Deploy.0 = Debug|x86
		{0E726080-0564-4287-BF3C-089E1499C094}.Release|Any CPU.ActiveCfg = Release|Any CPU
		{0E726080-0564-4287-BF3C-089E1499C094}.Release|Any CPU.Build.0 = Release|Any CPU
		{0E726080-0564-4287-BF3C-089E1499C094}.Release|Any CPU.Deploy.0 = Release|Any CPU
		{0E726080-0564-4287-BF3C-089E1499C094}.Release|ARM.ActiveCfg = Release|ARM
		{0E726080-0564-4287-BF3C-089E1499C094}.Release|ARM.Build.0 = Release|ARM
		{0E726080-0564-4287-BF3C-089E1499C094}.Release|ARM.Deploy.0 = Release|ARM
		{0E726080-0564-4287-BF3C-089E1499C094}.Release|iPhone.ActiveCfg = Release|Any CPU
		{0E726080-0564-4287-BF3C-089E1499C094}.Release|iPhoneSimulator.ActiveCfg = Release|Any CPU
		{0E726080-0564-4287-BF3C-089E1499C094}.Release|Mixed Platforms.ActiveCfg = Release|x86
		{0E726080-0564-4287-BF3C-089E1499C094}.Release|Mixed Platforms.Build.0 = Release|x86
		{0E726080-0564-4287-BF3C-089E1499C094}.Release|Mixed Platforms.Deploy.0 = Release|x86
		{0E726080-0564-4287-BF3C-089E1499C094}.Release|x64.ActiveCfg = Release|Any CPU
		{0E726080-0564-4287-BF3C-089E1499C094}.Release|x86.ActiveCfg = Release|x86
		{0E726080-0564-4287-BF3C-089E1499C094}.Release|x86.Build.0 = Release|x86
		{0E726080-0564-4287-BF3C-089E1499C094}.Release|x86.Deploy.0 = Release|x86
		{489A4462-9A67-491F-8787-FBC1301E3026}.Ad-Hoc|Any CPU.ActiveCfg = Ad-Hoc|iPhone
		{489A4462-9A67-491F-8787-FBC1301E3026}.Ad-Hoc|ARM.ActiveCfg = Ad-Hoc|iPhone
		{489A4462-9A67-491F-8787-FBC1301E3026}.Ad-Hoc|iPhone.ActiveCfg = Ad-Hoc|iPhone
		{489A4462-9A67-491F-8787-FBC1301E3026}.Ad-Hoc|iPhone.Build.0 = Ad-Hoc|iPhone
		{489A4462-9A67-491F-8787-FBC1301E3026}.Ad-Hoc|iPhoneSimulator.ActiveCfg = Ad-Hoc|iPhoneSimulator
		{489A4462-9A67-491F-8787-FBC1301E3026}.Ad-Hoc|iPhoneSimulator.Build.0 = Ad-Hoc|iPhoneSimulator
		{489A4462-9A67-491F-8787-FBC1301E3026}.Ad-Hoc|Mixed Platforms.ActiveCfg = Ad-Hoc|iPhone
		{489A4462-9A67-491F-8787-FBC1301E3026}.Ad-Hoc|Mixed Platforms.Build.0 = Ad-Hoc|iPhone
		{489A4462-9A67-491F-8787-FBC1301E3026}.Ad-Hoc|x64.ActiveCfg = Ad-Hoc|iPhone
		{489A4462-9A67-491F-8787-FBC1301E3026}.Ad-Hoc|x86.ActiveCfg = Ad-Hoc|iPhone
		{489A4462-9A67-491F-8787-FBC1301E3026}.AppStore|Any CPU.ActiveCfg = AppStore|iPhone
		{489A4462-9A67-491F-8787-FBC1301E3026}.AppStore|ARM.ActiveCfg = AppStore|iPhone
		{489A4462-9A67-491F-8787-FBC1301E3026}.AppStore|iPhone.ActiveCfg = AppStore|iPhone
		{489A4462-9A67-491F-8787-FBC1301E3026}.AppStore|iPhone.Build.0 = AppStore|iPhone
		{489A4462-9A67-491F-8787-FBC1301E3026}.AppStore|iPhoneSimulator.ActiveCfg = AppStore|iPhoneSimulator
		{489A4462-9A67-491F-8787-FBC1301E3026}.AppStore|iPhoneSimulator.Build.0 = AppStore|iPhoneSimulator
		{489A4462-9A67-491F-8787-FBC1301E3026}.AppStore|Mixed Platforms.ActiveCfg = AppStore|iPhone
		{489A4462-9A67-491F-8787-FBC1301E3026}.AppStore|Mixed Platforms.Build.0 = AppStore|iPhone
		{489A4462-9A67-491F-8787-FBC1301E3026}.AppStore|x64.ActiveCfg = AppStore|iPhone
		{489A4462-9A67-491F-8787-FBC1301E3026}.AppStore|x86.ActiveCfg = AppStore|iPhone
		{489A4462-9A67-491F-8787-FBC1301E3026}.Debug|Any CPU.ActiveCfg = Debug|iPhone
		{489A4462-9A67-491F-8787-FBC1301E3026}.Debug|ARM.ActiveCfg = Debug|iPhone
		{489A4462-9A67-491F-8787-FBC1301E3026}.Debug|iPhone.ActiveCfg = Debug|iPhone
		{489A4462-9A67-491F-8787-FBC1301E3026}.Debug|iPhone.Build.0 = Debug|iPhone
		{489A4462-9A67-491F-8787-FBC1301E3026}.Debug|iPhoneSimulator.ActiveCfg = Debug|iPhoneSimulator
		{489A4462-9A67-491F-8787-FBC1301E3026}.Debug|iPhoneSimulator.Build.0 = Debug|iPhoneSimulator
		{489A4462-9A67-491F-8787-FBC1301E3026}.Debug|Mixed Platforms.ActiveCfg = Debug|iPhone
		{489A4462-9A67-491F-8787-FBC1301E3026}.Debug|Mixed Platforms.Build.0 = Debug|iPhone
		{489A4462-9A67-491F-8787-FBC1301E3026}.Debug|x64.ActiveCfg = Debug|iPhone
		{489A4462-9A67-491F-8787-FBC1301E3026}.Debug|x86.ActiveCfg = Debug|iPhone
		{489A4462-9A67-491F-8787-FBC1301E3026}.Release|Any CPU.ActiveCfg = Release|iPhone
		{489A4462-9A67-491F-8787-FBC1301E3026}.Release|ARM.ActiveCfg = Release|iPhone
		{489A4462-9A67-491F-8787-FBC1301E3026}.Release|iPhone.ActiveCfg = Release|iPhone
		{489A4462-9A67-491F-8787-FBC1301E3026}.Release|iPhone.Build.0 = Release|iPhone
		{489A4462-9A67-491F-8787-FBC1301E3026}.Release|iPhoneSimulator.ActiveCfg = Release|iPhoneSimulator
		{489A4462-9A67-491F-8787-FBC1301E3026}.Release|iPhoneSimulator.Build.0 = Release|iPhoneSimulator
		{489A4462-9A67-491F-8787-FBC1301E3026}.Release|Mixed Platforms.ActiveCfg = Release|iPhone
		{489A4462-9A67-491F-8787-FBC1301E3026}.Release|Mixed Platforms.Build.0 = Release|iPhone
		{489A4462-9A67-491F-8787-FBC1301E3026}.Release|x64.ActiveCfg = Release|iPhone
		{489A4462-9A67-491F-8787-FBC1301E3026}.Release|x86.ActiveCfg = Release|iPhone
		{423765C4-7285-432A-9F20-A98B17A980F4}.Ad-Hoc|Any CPU.ActiveCfg = Release|Any CPU
		{423765C4-7285-432A-9F20-A98B17A980F4}.Ad-Hoc|Any CPU.Build.0 = Release|Any CPU
		{423765C4-7285-432A-9F20-A98B17A980F4}.Ad-Hoc|Any CPU.Deploy.0 = Release|Any CPU
		{423765C4-7285-432A-9F20-A98B17A980F4}.Ad-Hoc|ARM.ActiveCfg = Release|Any CPU
		{423765C4-7285-432A-9F20-A98B17A980F4}.Ad-Hoc|iPhone.ActiveCfg = Release|Any CPU
		{423765C4-7285-432A-9F20-A98B17A980F4}.Ad-Hoc|iPhoneSimulator.ActiveCfg = Release|Any CPU
		{423765C4-7285-432A-9F20-A98B17A980F4}.Ad-Hoc|Mixed Platforms.ActiveCfg = Release|Any CPU
		{423765C4-7285-432A-9F20-A98B17A980F4}.Ad-Hoc|Mixed Platforms.Build.0 = Release|Any CPU
		{423765C4-7285-432A-9F20-A98B17A980F4}.Ad-Hoc|Mixed Platforms.Deploy.0 = Release|Any CPU
		{423765C4-7285-432A-9F20-A98B17A980F4}.Ad-Hoc|x64.ActiveCfg = Release|Any CPU
		{423765C4-7285-432A-9F20-A98B17A980F4}.Ad-Hoc|x86.ActiveCfg = Release|Any CPU
		{423765C4-7285-432A-9F20-A98B17A980F4}.AppStore|Any CPU.ActiveCfg = Release|Any CPU
		{423765C4-7285-432A-9F20-A98B17A980F4}.AppStore|Any CPU.Build.0 = Release|Any CPU
		{423765C4-7285-432A-9F20-A98B17A980F4}.AppStore|Any CPU.Deploy.0 = Release|Any CPU
		{423765C4-7285-432A-9F20-A98B17A980F4}.AppStore|ARM.ActiveCfg = Release|Any CPU
		{423765C4-7285-432A-9F20-A98B17A980F4}.AppStore|iPhone.ActiveCfg = Release|Any CPU
		{423765C4-7285-432A-9F20-A98B17A980F4}.AppStore|iPhoneSimulator.ActiveCfg = Release|Any CPU
		{423765C4-7285-432A-9F20-A98B17A980F4}.AppStore|Mixed Platforms.ActiveCfg = Release|Any CPU
		{423765C4-7285-432A-9F20-A98B17A980F4}.AppStore|Mixed Platforms.Build.0 = Release|Any CPU
		{423765C4-7285-432A-9F20-A98B17A980F4}.AppStore|Mixed Platforms.Deploy.0 = Release|Any CPU
		{423765C4-7285-432A-9F20-A98B17A980F4}.AppStore|x64.ActiveCfg = Release|Any CPU
		{423765C4-7285-432A-9F20-A98B17A980F4}.AppStore|x86.ActiveCfg = Release|Any CPU
		{423765C4-7285-432A-9F20-A98B17A980F4}.Debug|Any CPU.ActiveCfg = Debug|Any CPU
		{423765C4-7285-432A-9F20-A98B17A980F4}.Debug|Any CPU.Build.0 = Debug|Any CPU
		{423765C4-7285-432A-9F20-A98B17A980F4}.Debug|Any CPU.Deploy.0 = Debug|Any CPU
		{423765C4-7285-432A-9F20-A98B17A980F4}.Debug|ARM.ActiveCfg = Debug|Any CPU
		{423765C4-7285-432A-9F20-A98B17A980F4}.Debug|iPhone.ActiveCfg = Debug|Any CPU
		{423765C4-7285-432A-9F20-A98B17A980F4}.Debug|iPhoneSimulator.ActiveCfg = Debug|Any CPU
		{423765C4-7285-432A-9F20-A98B17A980F4}.Debug|Mixed Platforms.ActiveCfg = Debug|Any CPU
		{423765C4-7285-432A-9F20-A98B17A980F4}.Debug|Mixed Platforms.Build.0 = Debug|Any CPU
		{423765C4-7285-432A-9F20-A98B17A980F4}.Debug|Mixed Platforms.Deploy.0 = Debug|Any CPU
		{423765C4-7285-432A-9F20-A98B17A980F4}.Debug|x64.ActiveCfg = Debug|Any CPU
		{423765C4-7285-432A-9F20-A98B17A980F4}.Debug|x86.ActiveCfg = Debug|Any CPU
		{423765C4-7285-432A-9F20-A98B17A980F4}.Release|Any CPU.ActiveCfg = Release|Any CPU
		{423765C4-7285-432A-9F20-A98B17A980F4}.Release|Any CPU.Build.0 = Release|Any CPU
		{423765C4-7285-432A-9F20-A98B17A980F4}.Release|Any CPU.Deploy.0 = Release|Any CPU
		{423765C4-7285-432A-9F20-A98B17A980F4}.Release|ARM.ActiveCfg = Release|Any CPU
		{423765C4-7285-432A-9F20-A98B17A980F4}.Release|iPhone.ActiveCfg = Release|Any CPU
		{423765C4-7285-432A-9F20-A98B17A980F4}.Release|iPhoneSimulator.ActiveCfg = Release|Any CPU
		{423765C4-7285-432A-9F20-A98B17A980F4}.Release|Mixed Platforms.ActiveCfg = Release|Any CPU
		{423765C4-7285-432A-9F20-A98B17A980F4}.Release|Mixed Platforms.Build.0 = Release|Any CPU
		{423765C4-7285-432A-9F20-A98B17A980F4}.Release|Mixed Platforms.Deploy.0 = Release|Any CPU
		{423765C4-7285-432A-9F20-A98B17A980F4}.Release|x64.ActiveCfg = Release|Any CPU
		{423765C4-7285-432A-9F20-A98B17A980F4}.Release|x86.ActiveCfg = Release|Any CPU
		{C0E3E5E1-6DD9-45EB-B27B-53E082B6DC96}.Ad-Hoc|Any CPU.ActiveCfg = Release|Any CPU
		{C0E3E5E1-6DD9-45EB-B27B-53E082B6DC96}.Ad-Hoc|Any CPU.Build.0 = Release|Any CPU
		{C0E3E5E1-6DD9-45EB-B27B-53E082B6DC96}.Ad-Hoc|ARM.ActiveCfg = Release|Any CPU
		{C0E3E5E1-6DD9-45EB-B27B-53E082B6DC96}.Ad-Hoc|iPhone.ActiveCfg = Release|Any CPU
		{C0E3E5E1-6DD9-45EB-B27B-53E082B6DC96}.Ad-Hoc|iPhoneSimulator.ActiveCfg = Release|Any CPU
		{C0E3E5E1-6DD9-45EB-B27B-53E082B6DC96}.Ad-Hoc|Mixed Platforms.ActiveCfg = Release|Any CPU
		{C0E3E5E1-6DD9-45EB-B27B-53E082B6DC96}.Ad-Hoc|Mixed Platforms.Build.0 = Release|Any CPU
		{C0E3E5E1-6DD9-45EB-B27B-53E082B6DC96}.Ad-Hoc|x64.ActiveCfg = Release|Any CPU
		{C0E3E5E1-6DD9-45EB-B27B-53E082B6DC96}.Ad-Hoc|x86.ActiveCfg = Release|Any CPU
		{C0E3E5E1-6DD9-45EB-B27B-53E082B6DC96}.AppStore|Any CPU.ActiveCfg = Release|Any CPU
		{C0E3E5E1-6DD9-45EB-B27B-53E082B6DC96}.AppStore|Any CPU.Build.0 = Release|Any CPU
		{C0E3E5E1-6DD9-45EB-B27B-53E082B6DC96}.AppStore|ARM.ActiveCfg = Release|Any CPU
		{C0E3E5E1-6DD9-45EB-B27B-53E082B6DC96}.AppStore|iPhone.ActiveCfg = Release|Any CPU
		{C0E3E5E1-6DD9-45EB-B27B-53E082B6DC96}.AppStore|iPhoneSimulator.ActiveCfg = Release|Any CPU
		{C0E3E5E1-6DD9-45EB-B27B-53E082B6DC96}.AppStore|Mixed Platforms.ActiveCfg = Release|Any CPU
		{C0E3E5E1-6DD9-45EB-B27B-53E082B6DC96}.AppStore|Mixed Platforms.Build.0 = Release|Any CPU
		{C0E3E5E1-6DD9-45EB-B27B-53E082B6DC96}.AppStore|x64.ActiveCfg = Release|Any CPU
		{C0E3E5E1-6DD9-45EB-B27B-53E082B6DC96}.AppStore|x86.ActiveCfg = Release|Any CPU
		{C0E3E5E1-6DD9-45EB-B27B-53E082B6DC96}.Debug|Any CPU.ActiveCfg = Debug|Any CPU
		{C0E3E5E1-6DD9-45EB-B27B-53E082B6DC96}.Debug|Any CPU.Build.0 = Debug|Any CPU
		{C0E3E5E1-6DD9-45EB-B27B-53E082B6DC96}.Debug|ARM.ActiveCfg = Debug|Any CPU
		{C0E3E5E1-6DD9-45EB-B27B-53E082B6DC96}.Debug|iPhone.ActiveCfg = Debug|Any CPU
		{C0E3E5E1-6DD9-45EB-B27B-53E082B6DC96}.Debug|iPhoneSimulator.ActiveCfg = Debug|Any CPU
		{C0E3E5E1-6DD9-45EB-B27B-53E082B6DC96}.Debug|Mixed Platforms.ActiveCfg = Debug|Any CPU
		{C0E3E5E1-6DD9-45EB-B27B-53E082B6DC96}.Debug|Mixed Platforms.Build.0 = Debug|Any CPU
		{C0E3E5E1-6DD9-45EB-B27B-53E082B6DC96}.Debug|x64.ActiveCfg = Debug|Any CPU
		{C0E3E5E1-6DD9-45EB-B27B-53E082B6DC96}.Debug|x86.ActiveCfg = Debug|Any CPU
		{C0E3E5E1-6DD9-45EB-B27B-53E082B6DC96}.Release|Any CPU.ActiveCfg = Release|Any CPU
		{C0E3E5E1-6DD9-45EB-B27B-53E082B6DC96}.Release|Any CPU.Build.0 = Release|Any CPU
		{C0E3E5E1-6DD9-45EB-B27B-53E082B6DC96}.Release|ARM.ActiveCfg = Release|Any CPU
		{C0E3E5E1-6DD9-45EB-B27B-53E082B6DC96}.Release|iPhone.ActiveCfg = Release|Any CPU
		{C0E3E5E1-6DD9-45EB-B27B-53E082B6DC96}.Release|iPhoneSimulator.ActiveCfg = Release|Any CPU
		{C0E3E5E1-6DD9-45EB-B27B-53E082B6DC96}.Release|Mixed Platforms.ActiveCfg = Release|Any CPU
		{C0E3E5E1-6DD9-45EB-B27B-53E082B6DC96}.Release|Mixed Platforms.Build.0 = Release|Any CPU
		{C0E3E5E1-6DD9-45EB-B27B-53E082B6DC96}.Release|x64.ActiveCfg = Release|Any CPU
		{C0E3E5E1-6DD9-45EB-B27B-53E082B6DC96}.Release|x86.ActiveCfg = Release|Any CPU
		{3460A8D8-BADE-4BF3-9AA7-23A19EAA34FC}.Ad-Hoc|Any CPU.ActiveCfg = Release|Any CPU
		{3460A8D8-BADE-4BF3-9AA7-23A19EAA34FC}.Ad-Hoc|Any CPU.Build.0 = Release|Any CPU
		{3460A8D8-BADE-4BF3-9AA7-23A19EAA34FC}.Ad-Hoc|ARM.ActiveCfg = Release|Any CPU
		{3460A8D8-BADE-4BF3-9AA7-23A19EAA34FC}.Ad-Hoc|iPhone.ActiveCfg = Release|Any CPU
		{3460A8D8-BADE-4BF3-9AA7-23A19EAA34FC}.Ad-Hoc|iPhoneSimulator.ActiveCfg = Release|Any CPU
		{3460A8D8-BADE-4BF3-9AA7-23A19EAA34FC}.Ad-Hoc|Mixed Platforms.ActiveCfg = Release|Any CPU
		{3460A8D8-BADE-4BF3-9AA7-23A19EAA34FC}.Ad-Hoc|Mixed Platforms.Build.0 = Release|Any CPU
		{3460A8D8-BADE-4BF3-9AA7-23A19EAA34FC}.Ad-Hoc|x64.ActiveCfg = Release|Any CPU
		{3460A8D8-BADE-4BF3-9AA7-23A19EAA34FC}.Ad-Hoc|x86.ActiveCfg = Release|Any CPU
		{3460A8D8-BADE-4BF3-9AA7-23A19EAA34FC}.AppStore|Any CPU.ActiveCfg = Release|Any CPU
		{3460A8D8-BADE-4BF3-9AA7-23A19EAA34FC}.AppStore|Any CPU.Build.0 = Release|Any CPU
		{3460A8D8-BADE-4BF3-9AA7-23A19EAA34FC}.AppStore|ARM.ActiveCfg = Release|Any CPU
		{3460A8D8-BADE-4BF3-9AA7-23A19EAA34FC}.AppStore|iPhone.ActiveCfg = Release|Any CPU
		{3460A8D8-BADE-4BF3-9AA7-23A19EAA34FC}.AppStore|iPhoneSimulator.ActiveCfg = Release|Any CPU
		{3460A8D8-BADE-4BF3-9AA7-23A19EAA34FC}.AppStore|Mixed Platforms.ActiveCfg = Release|Any CPU
		{3460A8D8-BADE-4BF3-9AA7-23A19EAA34FC}.AppStore|Mixed Platforms.Build.0 = Release|Any CPU
		{3460A8D8-BADE-4BF3-9AA7-23A19EAA34FC}.AppStore|x64.ActiveCfg = Release|Any CPU
		{3460A8D8-BADE-4BF3-9AA7-23A19EAA34FC}.AppStore|x86.ActiveCfg = Release|Any CPU
		{3460A8D8-BADE-4BF3-9AA7-23A19EAA34FC}.Debug|Any CPU.ActiveCfg = Debug|Any CPU
		{3460A8D8-BADE-4BF3-9AA7-23A19EAA34FC}.Debug|Any CPU.Build.0 = Debug|Any CPU
		{3460A8D8-BADE-4BF3-9AA7-23A19EAA34FC}.Debug|ARM.ActiveCfg = Debug|Any CPU
		{3460A8D8-BADE-4BF3-9AA7-23A19EAA34FC}.Debug|ARM.Build.0 = Debug|Any CPU
		{3460A8D8-BADE-4BF3-9AA7-23A19EAA34FC}.Debug|iPhone.ActiveCfg = Debug|Any CPU
		{3460A8D8-BADE-4BF3-9AA7-23A19EAA34FC}.Debug|iPhoneSimulator.ActiveCfg = Debug|Any CPU
		{3460A8D8-BADE-4BF3-9AA7-23A19EAA34FC}.Debug|Mixed Platforms.ActiveCfg = Debug|Any CPU
		{3460A8D8-BADE-4BF3-9AA7-23A19EAA34FC}.Debug|Mixed Platforms.Build.0 = Debug|Any CPU
		{3460A8D8-BADE-4BF3-9AA7-23A19EAA34FC}.Debug|x64.ActiveCfg = Debug|Any CPU
		{3460A8D8-BADE-4BF3-9AA7-23A19EAA34FC}.Debug|x86.ActiveCfg = Debug|Any CPU
		{3460A8D8-BADE-4BF3-9AA7-23A19EAA34FC}.Release|Any CPU.ActiveCfg = Release|Any CPU
		{3460A8D8-BADE-4BF3-9AA7-23A19EAA34FC}.Release|Any CPU.Build.0 = Release|Any CPU
		{3460A8D8-BADE-4BF3-9AA7-23A19EAA34FC}.Release|ARM.ActiveCfg = Release|Any CPU
		{3460A8D8-BADE-4BF3-9AA7-23A19EAA34FC}.Release|iPhone.ActiveCfg = Release|Any CPU
		{3460A8D8-BADE-4BF3-9AA7-23A19EAA34FC}.Release|iPhoneSimulator.ActiveCfg = Release|Any CPU
		{3460A8D8-BADE-4BF3-9AA7-23A19EAA34FC}.Release|Mixed Platforms.ActiveCfg = Release|Any CPU
		{3460A8D8-BADE-4BF3-9AA7-23A19EAA34FC}.Release|Mixed Platforms.Build.0 = Release|Any CPU
		{3460A8D8-BADE-4BF3-9AA7-23A19EAA34FC}.Release|x64.ActiveCfg = Release|Any CPU
		{3460A8D8-BADE-4BF3-9AA7-23A19EAA34FC}.Release|x86.ActiveCfg = Release|Any CPU
		{3B0D9EE5-5783-4BDE-A7E9-ACABD208D21D}.Ad-Hoc|Any CPU.ActiveCfg = Ad-Hoc|iPhone
		{3B0D9EE5-5783-4BDE-A7E9-ACABD208D21D}.Ad-Hoc|ARM.ActiveCfg = Ad-Hoc|iPhone
		{3B0D9EE5-5783-4BDE-A7E9-ACABD208D21D}.Ad-Hoc|iPhone.ActiveCfg = Ad-Hoc|iPhone
		{3B0D9EE5-5783-4BDE-A7E9-ACABD208D21D}.Ad-Hoc|iPhone.Build.0 = Ad-Hoc|iPhone
		{3B0D9EE5-5783-4BDE-A7E9-ACABD208D21D}.Ad-Hoc|iPhoneSimulator.ActiveCfg = Ad-Hoc|iPhoneSimulator
		{3B0D9EE5-5783-4BDE-A7E9-ACABD208D21D}.Ad-Hoc|iPhoneSimulator.Build.0 = Ad-Hoc|iPhoneSimulator
		{3B0D9EE5-5783-4BDE-A7E9-ACABD208D21D}.Ad-Hoc|Mixed Platforms.ActiveCfg = Ad-Hoc|iPhone
		{3B0D9EE5-5783-4BDE-A7E9-ACABD208D21D}.Ad-Hoc|Mixed Platforms.Build.0 = Ad-Hoc|iPhone
		{3B0D9EE5-5783-4BDE-A7E9-ACABD208D21D}.Ad-Hoc|x64.ActiveCfg = Ad-Hoc|iPhone
		{3B0D9EE5-5783-4BDE-A7E9-ACABD208D21D}.Ad-Hoc|x86.ActiveCfg = Ad-Hoc|iPhone
		{3B0D9EE5-5783-4BDE-A7E9-ACABD208D21D}.AppStore|Any CPU.ActiveCfg = AppStore|iPhone
		{3B0D9EE5-5783-4BDE-A7E9-ACABD208D21D}.AppStore|ARM.ActiveCfg = AppStore|iPhone
		{3B0D9EE5-5783-4BDE-A7E9-ACABD208D21D}.AppStore|iPhone.ActiveCfg = AppStore|iPhone
		{3B0D9EE5-5783-4BDE-A7E9-ACABD208D21D}.AppStore|iPhone.Build.0 = AppStore|iPhone
		{3B0D9EE5-5783-4BDE-A7E9-ACABD208D21D}.AppStore|iPhoneSimulator.ActiveCfg = AppStore|iPhoneSimulator
		{3B0D9EE5-5783-4BDE-A7E9-ACABD208D21D}.AppStore|iPhoneSimulator.Build.0 = AppStore|iPhoneSimulator
		{3B0D9EE5-5783-4BDE-A7E9-ACABD208D21D}.AppStore|Mixed Platforms.ActiveCfg = AppStore|iPhone
		{3B0D9EE5-5783-4BDE-A7E9-ACABD208D21D}.AppStore|Mixed Platforms.Build.0 = AppStore|iPhone
		{3B0D9EE5-5783-4BDE-A7E9-ACABD208D21D}.AppStore|x64.ActiveCfg = AppStore|iPhone
		{3B0D9EE5-5783-4BDE-A7E9-ACABD208D21D}.AppStore|x86.ActiveCfg = AppStore|iPhone
		{3B0D9EE5-5783-4BDE-A7E9-ACABD208D21D}.Debug|Any CPU.ActiveCfg = Debug|iPhone
		{3B0D9EE5-5783-4BDE-A7E9-ACABD208D21D}.Debug|ARM.ActiveCfg = Debug|iPhone
		{3B0D9EE5-5783-4BDE-A7E9-ACABD208D21D}.Debug|iPhone.ActiveCfg = Debug|iPhone
		{3B0D9EE5-5783-4BDE-A7E9-ACABD208D21D}.Debug|iPhone.Build.0 = Debug|iPhone
		{3B0D9EE5-5783-4BDE-A7E9-ACABD208D21D}.Debug|iPhoneSimulator.ActiveCfg = Debug|iPhoneSimulator
		{3B0D9EE5-5783-4BDE-A7E9-ACABD208D21D}.Debug|iPhoneSimulator.Build.0 = Debug|iPhoneSimulator
		{3B0D9EE5-5783-4BDE-A7E9-ACABD208D21D}.Debug|Mixed Platforms.ActiveCfg = Debug|iPhone
		{3B0D9EE5-5783-4BDE-A7E9-ACABD208D21D}.Debug|Mixed Platforms.Build.0 = Debug|iPhone
		{3B0D9EE5-5783-4BDE-A7E9-ACABD208D21D}.Debug|x64.ActiveCfg = Debug|iPhone
		{3B0D9EE5-5783-4BDE-A7E9-ACABD208D21D}.Debug|x86.ActiveCfg = Debug|iPhone
		{3B0D9EE5-5783-4BDE-A7E9-ACABD208D21D}.Release|Any CPU.ActiveCfg = Release|iPhone
		{3B0D9EE5-5783-4BDE-A7E9-ACABD208D21D}.Release|ARM.ActiveCfg = Release|iPhone
		{3B0D9EE5-5783-4BDE-A7E9-ACABD208D21D}.Release|iPhone.ActiveCfg = Release|iPhone
		{3B0D9EE5-5783-4BDE-A7E9-ACABD208D21D}.Release|iPhone.Build.0 = Release|iPhone
		{3B0D9EE5-5783-4BDE-A7E9-ACABD208D21D}.Release|iPhoneSimulator.ActiveCfg = Release|iPhoneSimulator
		{3B0D9EE5-5783-4BDE-A7E9-ACABD208D21D}.Release|iPhoneSimulator.Build.0 = Release|iPhoneSimulator
		{3B0D9EE5-5783-4BDE-A7E9-ACABD208D21D}.Release|Mixed Platforms.ActiveCfg = Release|iPhone
		{3B0D9EE5-5783-4BDE-A7E9-ACABD208D21D}.Release|Mixed Platforms.Build.0 = Release|iPhone
		{3B0D9EE5-5783-4BDE-A7E9-ACABD208D21D}.Release|x64.ActiveCfg = Release|iPhone
		{3B0D9EE5-5783-4BDE-A7E9-ACABD208D21D}.Release|x86.ActiveCfg = Release|iPhone
		{B106D4B0-F76F-405B-AD11-C18A3ECF5746}.Ad-Hoc|Any CPU.ActiveCfg = Release|Any CPU
		{B106D4B0-F76F-405B-AD11-C18A3ECF5746}.Ad-Hoc|Any CPU.Build.0 = Release|Any CPU
		{B106D4B0-F76F-405B-AD11-C18A3ECF5746}.Ad-Hoc|Any CPU.Deploy.0 = Release|Any CPU
		{B106D4B0-F76F-405B-AD11-C18A3ECF5746}.Ad-Hoc|ARM.ActiveCfg = Release|Any CPU
		{B106D4B0-F76F-405B-AD11-C18A3ECF5746}.Ad-Hoc|iPhone.ActiveCfg = Release|Any CPU
		{B106D4B0-F76F-405B-AD11-C18A3ECF5746}.Ad-Hoc|iPhoneSimulator.ActiveCfg = Release|Any CPU
		{B106D4B0-F76F-405B-AD11-C18A3ECF5746}.Ad-Hoc|Mixed Platforms.ActiveCfg = Release|Any CPU
		{B106D4B0-F76F-405B-AD11-C18A3ECF5746}.Ad-Hoc|Mixed Platforms.Build.0 = Release|Any CPU
		{B106D4B0-F76F-405B-AD11-C18A3ECF5746}.Ad-Hoc|Mixed Platforms.Deploy.0 = Release|Any CPU
		{B106D4B0-F76F-405B-AD11-C18A3ECF5746}.Ad-Hoc|x64.ActiveCfg = Release|Any CPU
		{B106D4B0-F76F-405B-AD11-C18A3ECF5746}.Ad-Hoc|x86.ActiveCfg = Release|Any CPU
		{B106D4B0-F76F-405B-AD11-C18A3ECF5746}.AppStore|Any CPU.ActiveCfg = Release|Any CPU
		{B106D4B0-F76F-405B-AD11-C18A3ECF5746}.AppStore|Any CPU.Build.0 = Release|Any CPU
		{B106D4B0-F76F-405B-AD11-C18A3ECF5746}.AppStore|Any CPU.Deploy.0 = Release|Any CPU
		{B106D4B0-F76F-405B-AD11-C18A3ECF5746}.AppStore|ARM.ActiveCfg = Release|Any CPU
		{B106D4B0-F76F-405B-AD11-C18A3ECF5746}.AppStore|iPhone.ActiveCfg = Release|Any CPU
		{B106D4B0-F76F-405B-AD11-C18A3ECF5746}.AppStore|iPhoneSimulator.ActiveCfg = Release|Any CPU
		{B106D4B0-F76F-405B-AD11-C18A3ECF5746}.AppStore|Mixed Platforms.ActiveCfg = Release|Any CPU
		{B106D4B0-F76F-405B-AD11-C18A3ECF5746}.AppStore|Mixed Platforms.Build.0 = Release|Any CPU
		{B106D4B0-F76F-405B-AD11-C18A3ECF5746}.AppStore|Mixed Platforms.Deploy.0 = Release|Any CPU
		{B106D4B0-F76F-405B-AD11-C18A3ECF5746}.AppStore|x64.ActiveCfg = Release|Any CPU
		{B106D4B0-F76F-405B-AD11-C18A3ECF5746}.AppStore|x86.ActiveCfg = Release|Any CPU
		{B106D4B0-F76F-405B-AD11-C18A3ECF5746}.Debug|Any CPU.ActiveCfg = Debug|Any CPU
		{B106D4B0-F76F-405B-AD11-C18A3ECF5746}.Debug|Any CPU.Build.0 = Debug|Any CPU
		{B106D4B0-F76F-405B-AD11-C18A3ECF5746}.Debug|Any CPU.Deploy.0 = Debug|Any CPU
		{B106D4B0-F76F-405B-AD11-C18A3ECF5746}.Debug|ARM.ActiveCfg = Debug|Any CPU
		{B106D4B0-F76F-405B-AD11-C18A3ECF5746}.Debug|iPhone.ActiveCfg = Debug|Any CPU
		{B106D4B0-F76F-405B-AD11-C18A3ECF5746}.Debug|iPhoneSimulator.ActiveCfg = Debug|Any CPU
		{B106D4B0-F76F-405B-AD11-C18A3ECF5746}.Debug|Mixed Platforms.ActiveCfg = Debug|Any CPU
		{B106D4B0-F76F-405B-AD11-C18A3ECF5746}.Debug|Mixed Platforms.Build.0 = Debug|Any CPU
		{B106D4B0-F76F-405B-AD11-C18A3ECF5746}.Debug|Mixed Platforms.Deploy.0 = Debug|Any CPU
		{B106D4B0-F76F-405B-AD11-C18A3ECF5746}.Debug|x64.ActiveCfg = Debug|Any CPU
		{B106D4B0-F76F-405B-AD11-C18A3ECF5746}.Debug|x86.ActiveCfg = Debug|Any CPU
		{B106D4B0-F76F-405B-AD11-C18A3ECF5746}.Release|Any CPU.ActiveCfg = Release|Any CPU
		{B106D4B0-F76F-405B-AD11-C18A3ECF5746}.Release|Any CPU.Build.0 = Release|Any CPU
		{B106D4B0-F76F-405B-AD11-C18A3ECF5746}.Release|Any CPU.Deploy.0 = Release|Any CPU
		{B106D4B0-F76F-405B-AD11-C18A3ECF5746}.Release|ARM.ActiveCfg = Release|Any CPU
		{B106D4B0-F76F-405B-AD11-C18A3ECF5746}.Release|iPhone.ActiveCfg = Release|Any CPU
		{B106D4B0-F76F-405B-AD11-C18A3ECF5746}.Release|iPhoneSimulator.ActiveCfg = Release|Any CPU
		{B106D4B0-F76F-405B-AD11-C18A3ECF5746}.Release|Mixed Platforms.ActiveCfg = Release|Any CPU
		{B106D4B0-F76F-405B-AD11-C18A3ECF5746}.Release|Mixed Platforms.Build.0 = Release|Any CPU
		{B106D4B0-F76F-405B-AD11-C18A3ECF5746}.Release|Mixed Platforms.Deploy.0 = Release|Any CPU
		{B106D4B0-F76F-405B-AD11-C18A3ECF5746}.Release|x64.ActiveCfg = Release|Any CPU
		{B106D4B0-F76F-405B-AD11-C18A3ECF5746}.Release|x86.ActiveCfg = Release|Any CPU
		{444EB23A-33DA-476C-8F17-2E05D36BBA2B}.Ad-Hoc|Any CPU.ActiveCfg = Release|Any CPU
		{444EB23A-33DA-476C-8F17-2E05D36BBA2B}.Ad-Hoc|Any CPU.Build.0 = Release|Any CPU
		{444EB23A-33DA-476C-8F17-2E05D36BBA2B}.Ad-Hoc|Any CPU.Deploy.0 = Release|Any CPU
		{444EB23A-33DA-476C-8F17-2E05D36BBA2B}.Ad-Hoc|ARM.ActiveCfg = Release|ARM
		{444EB23A-33DA-476C-8F17-2E05D36BBA2B}.Ad-Hoc|ARM.Build.0 = Release|ARM
		{444EB23A-33DA-476C-8F17-2E05D36BBA2B}.Ad-Hoc|ARM.Deploy.0 = Release|ARM
		{444EB23A-33DA-476C-8F17-2E05D36BBA2B}.Ad-Hoc|iPhone.ActiveCfg = Release|Any CPU
		{444EB23A-33DA-476C-8F17-2E05D36BBA2B}.Ad-Hoc|iPhoneSimulator.ActiveCfg = Release|Any CPU
		{444EB23A-33DA-476C-8F17-2E05D36BBA2B}.Ad-Hoc|Mixed Platforms.ActiveCfg = Release|x86
		{444EB23A-33DA-476C-8F17-2E05D36BBA2B}.Ad-Hoc|Mixed Platforms.Build.0 = Release|x86
		{444EB23A-33DA-476C-8F17-2E05D36BBA2B}.Ad-Hoc|Mixed Platforms.Deploy.0 = Release|x86
		{444EB23A-33DA-476C-8F17-2E05D36BBA2B}.Ad-Hoc|x64.ActiveCfg = Release|Any CPU
		{444EB23A-33DA-476C-8F17-2E05D36BBA2B}.Ad-Hoc|x86.ActiveCfg = Release|x86
		{444EB23A-33DA-476C-8F17-2E05D36BBA2B}.Ad-Hoc|x86.Build.0 = Release|x86
		{444EB23A-33DA-476C-8F17-2E05D36BBA2B}.Ad-Hoc|x86.Deploy.0 = Release|x86
		{444EB23A-33DA-476C-8F17-2E05D36BBA2B}.AppStore|Any CPU.ActiveCfg = Release|Any CPU
		{444EB23A-33DA-476C-8F17-2E05D36BBA2B}.AppStore|Any CPU.Build.0 = Release|Any CPU
		{444EB23A-33DA-476C-8F17-2E05D36BBA2B}.AppStore|Any CPU.Deploy.0 = Release|Any CPU
		{444EB23A-33DA-476C-8F17-2E05D36BBA2B}.AppStore|ARM.ActiveCfg = Release|ARM
		{444EB23A-33DA-476C-8F17-2E05D36BBA2B}.AppStore|ARM.Build.0 = Release|ARM
		{444EB23A-33DA-476C-8F17-2E05D36BBA2B}.AppStore|ARM.Deploy.0 = Release|ARM
		{444EB23A-33DA-476C-8F17-2E05D36BBA2B}.AppStore|iPhone.ActiveCfg = Release|Any CPU
		{444EB23A-33DA-476C-8F17-2E05D36BBA2B}.AppStore|iPhoneSimulator.ActiveCfg = Release|Any CPU
		{444EB23A-33DA-476C-8F17-2E05D36BBA2B}.AppStore|Mixed Platforms.ActiveCfg = Release|x86
		{444EB23A-33DA-476C-8F17-2E05D36BBA2B}.AppStore|Mixed Platforms.Build.0 = Release|x86
		{444EB23A-33DA-476C-8F17-2E05D36BBA2B}.AppStore|Mixed Platforms.Deploy.0 = Release|x86
		{444EB23A-33DA-476C-8F17-2E05D36BBA2B}.AppStore|x64.ActiveCfg = Release|Any CPU
		{444EB23A-33DA-476C-8F17-2E05D36BBA2B}.AppStore|x86.ActiveCfg = Release|x86
		{444EB23A-33DA-476C-8F17-2E05D36BBA2B}.AppStore|x86.Build.0 = Release|x86
		{444EB23A-33DA-476C-8F17-2E05D36BBA2B}.AppStore|x86.Deploy.0 = Release|x86
		{444EB23A-33DA-476C-8F17-2E05D36BBA2B}.Debug|Any CPU.ActiveCfg = Debug|Any CPU
		{444EB23A-33DA-476C-8F17-2E05D36BBA2B}.Debug|Any CPU.Build.0 = Debug|Any CPU
		{444EB23A-33DA-476C-8F17-2E05D36BBA2B}.Debug|Any CPU.Deploy.0 = Debug|Any CPU
		{444EB23A-33DA-476C-8F17-2E05D36BBA2B}.Debug|ARM.ActiveCfg = Debug|ARM
		{444EB23A-33DA-476C-8F17-2E05D36BBA2B}.Debug|ARM.Build.0 = Debug|ARM
		{444EB23A-33DA-476C-8F17-2E05D36BBA2B}.Debug|ARM.Deploy.0 = Debug|ARM
		{444EB23A-33DA-476C-8F17-2E05D36BBA2B}.Debug|iPhone.ActiveCfg = Debug|Any CPU
		{444EB23A-33DA-476C-8F17-2E05D36BBA2B}.Debug|iPhoneSimulator.ActiveCfg = Debug|Any CPU
		{444EB23A-33DA-476C-8F17-2E05D36BBA2B}.Debug|Mixed Platforms.ActiveCfg = Debug|x86
		{444EB23A-33DA-476C-8F17-2E05D36BBA2B}.Debug|Mixed Platforms.Build.0 = Debug|x86
		{444EB23A-33DA-476C-8F17-2E05D36BBA2B}.Debug|Mixed Platforms.Deploy.0 = Debug|x86
		{444EB23A-33DA-476C-8F17-2E05D36BBA2B}.Debug|x64.ActiveCfg = Debug|Any CPU
		{444EB23A-33DA-476C-8F17-2E05D36BBA2B}.Debug|x86.ActiveCfg = Debug|x86
		{444EB23A-33DA-476C-8F17-2E05D36BBA2B}.Debug|x86.Build.0 = Debug|x86
		{444EB23A-33DA-476C-8F17-2E05D36BBA2B}.Debug|x86.Deploy.0 = Debug|x86
		{444EB23A-33DA-476C-8F17-2E05D36BBA2B}.Release|Any CPU.ActiveCfg = Release|Any CPU
		{444EB23A-33DA-476C-8F17-2E05D36BBA2B}.Release|Any CPU.Build.0 = Release|Any CPU
		{444EB23A-33DA-476C-8F17-2E05D36BBA2B}.Release|Any CPU.Deploy.0 = Release|Any CPU
		{444EB23A-33DA-476C-8F17-2E05D36BBA2B}.Release|ARM.ActiveCfg = Release|ARM
		{444EB23A-33DA-476C-8F17-2E05D36BBA2B}.Release|ARM.Build.0 = Release|ARM
		{444EB23A-33DA-476C-8F17-2E05D36BBA2B}.Release|ARM.Deploy.0 = Release|ARM
		{444EB23A-33DA-476C-8F17-2E05D36BBA2B}.Release|iPhone.ActiveCfg = Release|Any CPU
		{444EB23A-33DA-476C-8F17-2E05D36BBA2B}.Release|iPhoneSimulator.ActiveCfg = Release|Any CPU
		{444EB23A-33DA-476C-8F17-2E05D36BBA2B}.Release|Mixed Platforms.ActiveCfg = Release|x86
		{444EB23A-33DA-476C-8F17-2E05D36BBA2B}.Release|Mixed Platforms.Build.0 = Release|x86
		{444EB23A-33DA-476C-8F17-2E05D36BBA2B}.Release|Mixed Platforms.Deploy.0 = Release|x86
		{444EB23A-33DA-476C-8F17-2E05D36BBA2B}.Release|x64.ActiveCfg = Release|Any CPU
		{444EB23A-33DA-476C-8F17-2E05D36BBA2B}.Release|x86.ActiveCfg = Release|x86
		{444EB23A-33DA-476C-8F17-2E05D36BBA2B}.Release|x86.Build.0 = Release|x86
		{444EB23A-33DA-476C-8F17-2E05D36BBA2B}.Release|x86.Deploy.0 = Release|x86
	EndGlobalSection
	GlobalSection(SolutionProperties) = preSolution
		HideSolutionNode = FALSE
	EndGlobalSection
	GlobalSection(NestedProjects) = preSolution
		{FCDDAF40-5452-4853-B585-E391E607BFA2} = {6F9ED554-02BA-4DC7-9DB2-19395215C9EA}
		{C4B3242A-4573-4753-89E6-9F94BFF05E27} = {FCDDAF40-5452-4853-B585-E391E607BFA2}
		{9935A288-DE1A-4878-8265-5EA1927ACF38} = {FCDDAF40-5452-4853-B585-E391E607BFA2}
		{0E726080-0564-4287-BF3C-089E1499C094} = {FCDDAF40-5452-4853-B585-E391E607BFA2}
		{489A4462-9A67-491F-8787-FBC1301E3026} = {6F9ED554-02BA-4DC7-9DB2-19395215C9EA}
		{423765C4-7285-432A-9F20-A98B17A980F4} = {6F9ED554-02BA-4DC7-9DB2-19395215C9EA}
		{C0E3E5E1-6DD9-45EB-B27B-53E082B6DC96} = {6F9ED554-02BA-4DC7-9DB2-19395215C9EA}
		{3460A8D8-BADE-4BF3-9AA7-23A19EAA34FC} = {E0401A70-3BC9-4680-83C7-AD70445F4521}
		{3B0D9EE5-5783-4BDE-A7E9-ACABD208D21D} = {E0401A70-3BC9-4680-83C7-AD70445F4521}
		{B106D4B0-F76F-405B-AD11-C18A3ECF5746} = {E0401A70-3BC9-4680-83C7-AD70445F4521}
		{444EB23A-33DA-476C-8F17-2E05D36BBA2B} = {E0401A70-3BC9-4680-83C7-AD70445F4521}
	EndGlobalSection
EndGlobal
